
Microsoft Visual Studio Solution File, Format Version 12.00
# Visual Studio Version 16
VisualStudioVersion = 16.0.29613.14
MinimumVisualStudioVersion = 10.0.40219.1
Project("{FAE04EC0-301F-11D3-BF4B-00C04F79EFBC}") = "ConsoleApp3", "ConsoleApp3\ConsoleApp3.csproj", "{E9F4E304-739C-4778-B487-2422DE74E195}"
EndProject
Global
	GlobalSection(SolutionConfigurationPlatforms) = preSolution
		Debug|Any CPU = Debug|Any CPU
		Release|Any CPU = Release|Any CPU
	EndGlobalSection
	GlobalSection(ProjectConfigurationPlatforms) = postSolution
		{E9F4E304-739C-4778-B487-2422DE74E195}.Debug|Any CPU.ActiveCfg = Debug|Any CPU
		{E9F4E304-739C-4778-B487-2422DE74E195}.Debug|Any CPU.Build.0 = Debug|Any CPU
		{E9F4E304-739C-4778-B487-2422DE74E195}.Release|Any CPU.ActiveCfg = Release|Any CPU
		{E9F4E304-739C-4778-B487-2422DE74E195}.Release|Any CPU.Build.0 = Release|Any CPU
	EndGlobalSection
	GlobalSection(SolutionProperties) = preSolution
		HideSolutionNode = FALSE
	EndGlobalSection
	GlobalSection(ExtensibilityGlobals) = postSolution
		SolutionGuid = {43BF061F-4145-4AEC-871D-926EEDA27CC8}
	EndGlobalSection
EndGlobal
